
Microsoft Visual Studio Solution File, Format Version 12.00
# Visual Studio 15
VisualStudioVersion = 15.0.27703.2026
MinimumVisualStudioVersion = 10.0.40219.1
Project("{FAE04EC0-301F-11D3-BF4B-00C04F79EFBC}") = "BingoWcf", "BingoWcf\BingoWcf.csproj", "{F83536B3-F47F-4E14-B1CF-8CA6503C4CD6}"
EndProject
Project("{FAE04EC0-301F-11D3-BF4B-00C04F79EFBC}") = "LabBingoWcf", "LabBingoWcf\LabBingoWcf.csproj", "{B70D9F55-73A8-41FB-B05B-057B6637C9F5}"
EndProject
Global
	GlobalSection(SolutionConfigurationPlatforms) = preSolution
		Debug|Any CPU = Debug|Any CPU
		Release|Any CPU = Release|Any CPU
	EndGlobalSection
	GlobalSection(ProjectConfigurationPlatforms) = postSolution
		{F83536B3-F47F-4E14-B1CF-8CA6503C4CD6}.Debug|Any CPU.ActiveCfg = Debug|Any CPU
		{F83536B3-F47F-4E14-B1CF-8CA6503C4CD6}.Debug|Any CPU.Build.0 = Debug|Any CPU
		{F83536B3-F47F-4E14-B1CF-8CA6503C4CD6}.Release|Any CPU.ActiveCfg = Release|Any CPU
		{F83536B3-F47F-4E14-B1CF-8CA6503C4CD6}.Release|Any CPU.Build.0 = Release|Any CPU
		{B70D9F55-73A8-41FB-B05B-057B6637C9F5}.Debug|Any CPU.ActiveCfg = Debug|Any CPU
		{B70D9F55-73A8-41FB-B05B-057B6637C9F5}.Debug|Any CPU.Build.0 = Debug|Any CPU
		{B70D9F55-73A8-41FB-B05B-057B6637C9F5}.Release|Any CPU.ActiveCfg = Release|Any CPU
		{B70D9F55-73A8-41FB-B05B-057B6637C9F5}.Release|Any CPU.Build.0 = Release|Any CPU
	EndGlobalSection
	GlobalSection(SolutionProperties) = preSolution
		HideSolutionNode = FALSE
	EndGlobalSection
	GlobalSection(ExtensibilityGlobals) = postSolution
		SolutionGuid = {2049A6DE-487B-403C-B5FF-1BEB6A27FFD5}
	EndGlobalSection
EndGlobal
